
Microsoft Visual Studio Solution File, Format Version 12.00
# Visual Studio Version 17
VisualStudioVersion = 17.12.35707.178 d17.12
MinimumVisualStudioVersion = 10.0.40219.1
Project("{FAE04EC0-301F-11D3-BF4B-00C04F79EFBC}") = "17-02-cris_palomar", "17-02-cris_palomar.csproj", "{38D8A207-279A-4CD9-B53C-5DA37A6C086B}"
EndProject
Global
	GlobalSection(SolutionConfigurationPlatforms) = preSolution
		Debug|Any CPU = Debug|Any CPU
		Release|Any CPU = Release|Any CPU
	EndGlobalSection
	GlobalSection(ProjectConfigurationPlatforms) = postSolution
		{38D8A207-279A-4CD9-B53C-5DA37A6C086B}.Debug|Any CPU.ActiveCfg = Debug|Any CPU
		{38D8A207-279A-4CD9-B53C-5DA37A6C086B}.Debug|Any CPU.Build.0 = Debug|Any CPU
		{38D8A207-279A-4CD9-B53C-5DA37A6C086B}.Release|Any CPU.ActiveCfg = Release|Any CPU
		{38D8A207-279A-4CD9-B53C-5DA37A6C086B}.Release|Any CPU.Build.0 = Release|Any CPU
	EndGlobalSection
	GlobalSection(SolutionProperties) = preSolution
		HideSolutionNode = FALSE
	EndGlobalSection
EndGlobal
